// !$*UTF8*$!
{
	archiveVersion = 1;
	classes = {
	};
	objectVersion = 56;
	objects = {

/* Begin PBXBuildFile section */
		5D5B970E2A9B5E190064511F /* AppDelegate.swift in Sources */ = {isa = PBXBuildFile; fileRef = 5D5B970D2A9B5E190064511F /* AppDelegate.swift */; };
		5D5B97102A9B5E190064511F /* SceneDelegate.swift in Sources */ = {isa = PBXBuildFile; fileRef = 5D5B970F2A9B5E190064511F /* SceneDelegate.swift */; };
		5D5B97122A9B5E190064511F /* ImagesListViewController.swift in Sources */ = {isa = PBXBuildFile; fileRef = 5D5B97112A9B5E190064511F /* ImagesListViewController.swift */; };
		5D5B97152A9B5E190064511F /* Main.storyboard in Resources */ = {isa = PBXBuildFile; fileRef = 5D5B97132A9B5E190064511F /* Main.storyboard */; };
		5D5B97172A9B5E1B0064511F /* Assets.xcassets in Resources */ = {isa = PBXBuildFile; fileRef = 5D5B97162A9B5E1B0064511F /* Assets.xcassets */; };
		5D5B971A2A9B5E1B0064511F /* LaunchScreen.storyboard in Resources */ = {isa = PBXBuildFile; fileRef = 5D5B97182A9B5E1B0064511F /* LaunchScreen.storyboard */; };
		5D5B97422A9F90280064511F /* ImagesListCell.swift in Sources */ = {isa = PBXBuildFile; fileRef = 5D5B97412A9F90280064511F /* ImagesListCell.swift */; };
		5D72CB9C2B52F49E00EC1761 /* ProfileImageResponceModel.swift in Sources */ = {isa = PBXBuildFile; fileRef = 5D72CB9B2B52F49E00EC1761 /* ProfileImageResponceModel.swift */; };
		5D72CB9E2B52FCB100EC1761 /* ImagesListService.swift in Sources */ = {isa = PBXBuildFile; fileRef = 5D72CB9D2B52FCB100EC1761 /* ImagesListService.swift */; };
		5D72CBA02B52FE9500EC1761 /* PhotoResultResponseModel.swift in Sources */ = {isa = PBXBuildFile; fileRef = 5D72CB9F2B52FE9500EC1761 /* PhotoResultResponseModel.swift */; };
		5D9FF9ED2ABF01B50034F00A /* Constants.swift in Sources */ = {isa = PBXBuildFile; fileRef = 5D9FF9EC2ABF01B50034F00A /* Constants.swift */; };
		5D9FF9F02AC31CEA0034F00A /* AuthViewController.swift in Sources */ = {isa = PBXBuildFile; fileRef = 5D9FF9EF2AC31CEA0034F00A /* AuthViewController.swift */; };
		5D9FF9F22AC32D280034F00A /* WebViewViewController.swift in Sources */ = {isa = PBXBuildFile; fileRef = 5D9FF9F12AC32D280034F00A /* WebViewViewController.swift */; };
		5D9FF9F42AC35FC90034F00A /* WebViewViewControllerDelegate.swift in Sources */ = {isa = PBXBuildFile; fileRef = 5D9FF9F32AC35FC90034F00A /* WebViewViewControllerDelegate.swift */; };
		5D9FF9F72ACC781E0034F00A /* OAuth2Service.swift in Sources */ = {isa = PBXBuildFile; fileRef = 5D9FF9F62ACC781E0034F00A /* OAuth2Service.swift */; };
		5D9FF9F92ACC8F8B0034F00A /* OAuth2TokenStorage.swift in Sources */ = {isa = PBXBuildFile; fileRef = 5D9FF9F82ACC8F8B0034F00A /* OAuth2TokenStorage.swift */; };
		5D9FF9FB2ACC9C2E0034F00A /* OAuthTokenResponseBody.swift in Sources */ = {isa = PBXBuildFile; fileRef = 5D9FF9FA2ACC9C2E0034F00A /* OAuthTokenResponseBody.swift */; };
		5D9FF9FF2ACCA8420034F00A /* AuthViewControllerDelegate.swift in Sources */ = {isa = PBXBuildFile; fileRef = 5D9FF9FE2ACCA8420034F00A /* AuthViewControllerDelegate.swift */; };
		5D9FFA022AD43B870034F00A /* SplashViewController.swift in Sources */ = {isa = PBXBuildFile; fileRef = 5D9FFA012AD43B870034F00A /* SplashViewController.swift */; };
		5D9FFA0B2AE404D80034F00A /* ProgressHUD in Frameworks */ = {isa = PBXBuildFile; productRef = 5D9FFA0A2AE404D80034F00A /* ProgressHUD */; };
		5D9FFA0D2AE41B540034F00A /* UIBlockingProgressHUD.swift in Sources */ = {isa = PBXBuildFile; fileRef = 5D9FFA0C2AE41B540034F00A /* UIBlockingProgressHUD.swift */; };
		5D9FFA102AE444B90034F00A /* ProfileService.swift in Sources */ = {isa = PBXBuildFile; fileRef = 5D9FFA0F2AE444B90034F00A /* ProfileService.swift */; };
		5D9FFA122AED19960034F00A /* ProfileImageService.swift in Sources */ = {isa = PBXBuildFile; fileRef = 5D9FFA112AED19960034F00A /* ProfileImageService.swift */; };
		5D9FFA142AFD11C00034F00A /* URLSession.swift in Sources */ = {isa = PBXBuildFile; fileRef = 5D9FFA132AFD11C00034F00A /* URLSession.swift */; };
		5D9FFA1C2AFD27AC0034F00A /* Kingfisher in Frameworks */ = {isa = PBXBuildFile; productRef = 5D9FFA1B2AFD27AC0034F00A /* Kingfisher */; };
		5D9FFA1F2B31DCC30034F00A /* SwiftKeychainWrapper in Frameworks */ = {isa = PBXBuildFile; productRef = 5D9FFA1E2B31DCC30034F00A /* SwiftKeychainWrapper */; };
		5DA45E772AA49EEE0002DC9A /* Colors.swift in Sources */ = {isa = PBXBuildFile; fileRef = 5DA45E762AA49EEE0002DC9A /* Colors.swift */; };
		5DA45E7A2AAF3E400002DC9A /* ProfileViewController.swift in Sources */ = {isa = PBXBuildFile; fileRef = 5DA45E792AAF3E400002DC9A /* ProfileViewController.swift */; };
		5DA45E7E2AB0FFA30002DC9A /* SingleImageViewController.swift in Sources */ = {isa = PBXBuildFile; fileRef = 5DA45E7D2AB0FFA30002DC9A /* SingleImageViewController.swift */; };
		5DA9925D2B5FED02002797D5 /* PhotoModel.swift in Sources */ = {isa = PBXBuildFile; fileRef = 5DA9925C2B5FED02002797D5 /* PhotoModel.swift */; };
		5DA992602B5FEDB7002797D5 /* DateFormatter.swift in Sources */ = {isa = PBXBuildFile; fileRef = 5DA9925F2B5FEDB7002797D5 /* DateFormatter.swift */; };
		5DA992622B5FEF2F002797D5 /* Array.swift in Sources */ = {isa = PBXBuildFile; fileRef = 5DA992612B5FEF2F002797D5 /* Array.swift */; };
		5DBE29772B3DDA0E003EBECE /* TabBarController.swift in Sources */ = {isa = PBXBuildFile; fileRef = 5DBE29762B3DDA0E003EBECE /* TabBarController.swift */; };
/* End PBXBuildFile section */

/* Begin PBXContainerItemProxy section */
		5D72CBA92B5327D700EC1761 /* PBXContainerItemProxy */ = {
			isa = PBXContainerItemProxy;
			containerPortal = 5D5B97022A9B5E190064511F /* Project object */;
			proxyType = 1;
			remoteGlobalIDString = 5D5B97092A9B5E190064511F;
			remoteInfo = ImageFeed;
		};
/* End PBXContainerItemProxy section */

/* Begin PBXFileReference section */
		5D5B970A2A9B5E190064511F /* ImageFeed.app */ = {isa = PBXFileReference; explicitFileType = wrapper.application; includeInIndex = 0; path = ImageFeed.app; sourceTree = BUILT_PRODUCTS_DIR; };
		5D5B970D2A9B5E190064511F /* AppDelegate.swift */ = {isa = PBXFileReference; lastKnownFileType = sourcecode.swift; path = AppDelegate.swift; sourceTree = "<group>"; };
		5D5B970F2A9B5E190064511F /* SceneDelegate.swift */ = {isa = PBXFileReference; lastKnownFileType = sourcecode.swift; path = SceneDelegate.swift; sourceTree = "<group>"; };
		5D5B97112A9B5E190064511F /* ImagesListViewController.swift */ = {isa = PBXFileReference; lastKnownFileType = sourcecode.swift; path = ImagesListViewController.swift; sourceTree = "<group>"; };
		5D5B97142A9B5E190064511F /* Base */ = {isa = PBXFileReference; lastKnownFileType = file.storyboard; name = Base; path = Base.lproj/Main.storyboard; sourceTree = "<group>"; };
		5D5B97162A9B5E1B0064511F /* Assets.xcassets */ = {isa = PBXFileReference; lastKnownFileType = folder.assetcatalog; path = Assets.xcassets; sourceTree = "<group>"; };
		5D5B97192A9B5E1B0064511F /* Base */ = {isa = PBXFileReference; lastKnownFileType = file.storyboard; name = Base; path = Base.lproj/LaunchScreen.storyboard; sourceTree = "<group>"; };
		5D5B971B2A9B5E1B0064511F /* Info.plist */ = {isa = PBXFileReference; lastKnownFileType = text.plist.xml; path = Info.plist; sourceTree = "<group>"; };
		5D5B97412A9F90280064511F /* ImagesListCell.swift */ = {isa = PBXFileReference; lastKnownFileType = sourcecode.swift; path = ImagesListCell.swift; sourceTree = "<group>"; };
		5D72CB9B2B52F49E00EC1761 /* ProfileImageResponceModel.swift */ = {isa = PBXFileReference; lastKnownFileType = sourcecode.swift; path = ProfileImageResponceModel.swift; sourceTree = "<group>"; };
		5D72CB9D2B52FCB100EC1761 /* ImagesListService.swift */ = {isa = PBXFileReference; lastKnownFileType = sourcecode.swift; path = ImagesListService.swift; sourceTree = "<group>"; };
		5D72CB9F2B52FE9500EC1761 /* PhotoResultResponseModel.swift */ = {isa = PBXFileReference; lastKnownFileType = sourcecode.swift; path = PhotoResultResponseModel.swift; sourceTree = "<group>"; };
		5D72CBA52B5327D700EC1761 /* ImageFeedTests.xctest */ = {isa = PBXFileReference; explicitFileType = wrapper.cfbundle; includeInIndex = 0; path = ImageFeedTests.xctest; sourceTree = BUILT_PRODUCTS_DIR; };
		5D9FF9EC2ABF01B50034F00A /* Constants.swift */ = {isa = PBXFileReference; lastKnownFileType = sourcecode.swift; path = Constants.swift; sourceTree = "<group>"; };
		5D9FF9EF2AC31CEA0034F00A /* AuthViewController.swift */ = {isa = PBXFileReference; lastKnownFileType = sourcecode.swift; path = AuthViewController.swift; sourceTree = "<group>"; };
		5D9FF9F12AC32D280034F00A /* WebViewViewController.swift */ = {isa = PBXFileReference; lastKnownFileType = sourcecode.swift; path = WebViewViewController.swift; sourceTree = "<group>"; };
		5D9FF9F32AC35FC90034F00A /* WebViewViewControllerDelegate.swift */ = {isa = PBXFileReference; lastKnownFileType = sourcecode.swift; path = WebViewViewControllerDelegate.swift; sourceTree = "<group>"; };
		5D9FF9F62ACC781E0034F00A /* OAuth2Service.swift */ = {isa = PBXFileReference; lastKnownFileType = sourcecode.swift; path = OAuth2Service.swift; sourceTree = "<group>"; };
		5D9FF9F82ACC8F8B0034F00A /* OAuth2TokenStorage.swift */ = {isa = PBXFileReference; lastKnownFileType = sourcecode.swift; path = OAuth2TokenStorage.swift; sourceTree = "<group>"; };
		5D9FF9FA2ACC9C2E0034F00A /* OAuthTokenResponseBody.swift */ = {isa = PBXFileReference; lastKnownFileType = sourcecode.swift; path = OAuthTokenResponseBody.swift; sourceTree = "<group>"; };
		5D9FF9FE2ACCA8420034F00A /* AuthViewControllerDelegate.swift */ = {isa = PBXFileReference; lastKnownFileType = sourcecode.swift; path = AuthViewControllerDelegate.swift; sourceTree = "<group>"; };
		5D9FFA012AD43B870034F00A /* SplashViewController.swift */ = {isa = PBXFileReference; lastKnownFileType = sourcecode.swift; path = SplashViewController.swift; sourceTree = "<group>"; };
		5D9FFA0C2AE41B540034F00A /* UIBlockingProgressHUD.swift */ = {isa = PBXFileReference; lastKnownFileType = sourcecode.swift; path = UIBlockingProgressHUD.swift; sourceTree = "<group>"; };
		5D9FFA0F2AE444B90034F00A /* ProfileService.swift */ = {isa = PBXFileReference; lastKnownFileType = sourcecode.swift; path = ProfileService.swift; sourceTree = "<group>"; };
		5D9FFA112AED19960034F00A /* ProfileImageService.swift */ = {isa = PBXFileReference; lastKnownFileType = sourcecode.swift; path = ProfileImageService.swift; sourceTree = "<group>"; };
		5D9FFA132AFD11C00034F00A /* URLSession.swift */ = {isa = PBXFileReference; lastKnownFileType = sourcecode.swift; path = URLSession.swift; sourceTree = "<group>"; };
		5DA45E762AA49EEE0002DC9A /* Colors.swift */ = {isa = PBXFileReference; lastKnownFileType = sourcecode.swift; path = Colors.swift; sourceTree = "<group>"; };
		5DA45E792AAF3E400002DC9A /* ProfileViewController.swift */ = {isa = PBXFileReference; lastKnownFileType = sourcecode.swift; path = ProfileViewController.swift; sourceTree = "<group>"; };
		5DA45E7D2AB0FFA30002DC9A /* SingleImageViewController.swift */ = {isa = PBXFileReference; lastKnownFileType = sourcecode.swift; path = SingleImageViewController.swift; sourceTree = "<group>"; };
		5DA9925C2B5FED02002797D5 /* PhotoModel.swift */ = {isa = PBXFileReference; lastKnownFileType = sourcecode.swift; path = PhotoModel.swift; sourceTree = "<group>"; };
		5DA9925F2B5FEDB7002797D5 /* DateFormatter.swift */ = {isa = PBXFileReference; lastKnownFileType = sourcecode.swift; path = DateFormatter.swift; sourceTree = "<group>"; };
		5DA992612B5FEF2F002797D5 /* Array.swift */ = {isa = PBXFileReference; lastKnownFileType = sourcecode.swift; path = Array.swift; sourceTree = "<group>"; };
		5DBE29762B3DDA0E003EBECE /* TabBarController.swift */ = {isa = PBXFileReference; lastKnownFileType = sourcecode.swift; path = TabBarController.swift; sourceTree = "<group>"; };
/* End PBXFileReference section */

/* Begin PBXFrameworksBuildPhase section */
		5D5B97072A9B5E190064511F /* Frameworks */ = {
			isa = PBXFrameworksBuildPhase;
			buildActionMask = 2147483647;
			files = (
				5D9FFA1C2AFD27AC0034F00A /* Kingfisher in Frameworks */,
				5D9FFA0B2AE404D80034F00A /* ProgressHUD in Frameworks */,
				5D9FFA1F2B31DCC30034F00A /* SwiftKeychainWrapper in Frameworks */,
			);
			runOnlyForDeploymentPostprocessing = 0;
		};
		5D72CBA22B5327D700EC1761 /* Frameworks */ = {
			isa = PBXFrameworksBuildPhase;
			buildActionMask = 2147483647;
			files = (
			);
			runOnlyForDeploymentPostprocessing = 0;
		};
/* End PBXFrameworksBuildPhase section */

/* Begin PBXGroup section */
		5D5B97012A9B5E190064511F = {
			isa = PBXGroup;
			children = (
				5D5B970C2A9B5E190064511F /* ImageFeed */,
				5D5B970B2A9B5E190064511F /* Products */,
			);
			sourceTree = "<group>";
		};
		5D5B970B2A9B5E190064511F /* Products */ = {
			isa = PBXGroup;
			children = (
				5D5B970A2A9B5E190064511F /* ImageFeed.app */,
				5D72CBA52B5327D700EC1761 /* ImageFeedTests.xctest */,
			);
			name = Products;
			sourceTree = "<group>";
		};
		5D5B970C2A9B5E190064511F /* ImageFeed */ = {
			isa = PBXGroup;
			children = (
				5D72CB9A2B52F44500EC1761 /* Models */,
				5D9FFA152AFD15B90034F00A /* Services */,
				5D9FFA002AD43B6D0034F00A /* SplashView */,
				5D9FF9EE2AC31CCB0034F00A /* Auth */,
				5D9FF9EC2ABF01B50034F00A /* Constants.swift */,
				5D9FF9EB2AB109F80034F00A /* SingleImageView */,
				5D5B97432A9F90680064511F /* ImagesList */,
				5D5B970D2A9B5E190064511F /* AppDelegate.swift */,
				5D5B970F2A9B5E190064511F /* SceneDelegate.swift */,
				5DA45E782AAF3E1D0002DC9A /* Profile */,
				5DA45E732AA49E8D0002DC9A /* Helpers */,
				5DBE29762B3DDA0E003EBECE /* TabBarController.swift */,
				5D9FFA0C2AE41B540034F00A /* UIBlockingProgressHUD.swift */,
				5D5B97132A9B5E190064511F /* Main.storyboard */,
				5D5B97162A9B5E1B0064511F /* Assets.xcassets */,
				5D5B97182A9B5E1B0064511F /* LaunchScreen.storyboard */,
				5D5B971B2A9B5E1B0064511F /* Info.plist */,
			);
			path = ImageFeed;
			sourceTree = "<group>";
		};
		5D5B97432A9F90680064511F /* ImagesList */ = {
			isa = PBXGroup;
			children = (
				5D5B97112A9B5E190064511F /* ImagesListViewController.swift */,
				5D5B97412A9F90280064511F /* ImagesListCell.swift */,
			);
			path = ImagesList;
			sourceTree = "<group>";
		};
		5D72CB9A2B52F44500EC1761 /* Models */ = {
			isa = PBXGroup;
			children = (
				5D9FF9FA2ACC9C2E0034F00A /* OAuthTokenResponseBody.swift */,
				5D72CB9B2B52F49E00EC1761 /* ProfileImageResponceModel.swift */,
				5D72CB9F2B52FE9500EC1761 /* PhotoResultResponseModel.swift */,
				5DA9925C2B5FED02002797D5 /* PhotoModel.swift */,
			);
			path = Models;
			sourceTree = "<group>";
		};
		5D9FF9EB2AB109F80034F00A /* SingleImageView */ = {
			isa = PBXGroup;
			children = (
				5DA45E7D2AB0FFA30002DC9A /* SingleImageViewController.swift */,
			);
			path = SingleImageView;
			sourceTree = "<group>";
		};
		5D9FF9EE2AC31CCB0034F00A /* Auth */ = {
			isa = PBXGroup;
			children = (
				5D9FF9EF2AC31CEA0034F00A /* AuthViewController.swift */,
				5D9FF9FE2ACCA8420034F00A /* AuthViewControllerDelegate.swift */,
				5D9FF9F12AC32D280034F00A /* WebViewViewController.swift */,
				5D9FF9F32AC35FC90034F00A /* WebViewViewControllerDelegate.swift */,
			);
			path = Auth;
			sourceTree = "<group>";
		};
		5D9FFA002AD43B6D0034F00A /* SplashView */ = {
			isa = PBXGroup;
			children = (
				5D9FFA012AD43B870034F00A /* SplashViewController.swift */,
			);
			path = SplashView;
			sourceTree = "<group>";
		};
		5D9FFA152AFD15B90034F00A /* Services */ = {
			isa = PBXGroup;
			children = (
				5D9FF9F62ACC781E0034F00A /* OAuth2Service.swift */,
				5D9FF9F82ACC8F8B0034F00A /* OAuth2TokenStorage.swift */,
				5D9FFA0F2AE444B90034F00A /* ProfileService.swift */,
				5D9FFA112AED19960034F00A /* ProfileImageService.swift */,
				5D72CB9D2B52FCB100EC1761 /* ImagesListService.swift */,
			);
			path = Services;
			sourceTree = "<group>";
		};
		5DA45E732AA49E8D0002DC9A /* Helpers */ = {
			isa = PBXGroup;
			children = (
				5DA45E762AA49EEE0002DC9A /* Colors.swift */,
				5D9FFA132AFD11C00034F00A /* URLSession.swift */,
				5DA9925F2B5FEDB7002797D5 /* DateFormatter.swift */,
				5DA992612B5FEF2F002797D5 /* Array.swift */,
			);
			path = Helpers;
			sourceTree = "<group>";
		};
		5DA45E782AAF3E1D0002DC9A /* Profile */ = {
			isa = PBXGroup;
			children = (
				5DA45E792AAF3E400002DC9A /* ProfileViewController.swift */,
			);
			path = Profile;
			sourceTree = "<group>";
		};
/* End PBXGroup section */

/* Begin PBXNativeTarget section */
		5D5B97092A9B5E190064511F /* ImageFeed */ = {
			isa = PBXNativeTarget;
			buildConfigurationList = 5D5B971E2A9B5E1B0064511F /* Build configuration list for PBXNativeTarget "ImageFeed" */;
			buildPhases = (
				5D5B97062A9B5E190064511F /* Sources */,
				5D5B97072A9B5E190064511F /* Frameworks */,
				5D5B97082A9B5E190064511F /* Resources */,
			);
			buildRules = (
			);
			dependencies = (
			);
			name = ImageFeed;
			packageProductDependencies = (
				5D9FFA0A2AE404D80034F00A /* ProgressHUD */,
				5D9FFA1B2AFD27AC0034F00A /* Kingfisher */,
				5D9FFA1E2B31DCC30034F00A /* SwiftKeychainWrapper */,
			);
			productName = ImageFeed;
			productReference = 5D5B970A2A9B5E190064511F /* ImageFeed.app */;
			productType = "com.apple.product-type.application";
		};
		5D72CBA42B5327D700EC1761 /* ImageFeedTests */ = {
			isa = PBXNativeTarget;
			buildConfigurationList = 5D72CBAB2B5327D700EC1761 /* Build configuration list for PBXNativeTarget "ImageFeedTests" */;
			buildPhases = (
				5D72CBA12B5327D700EC1761 /* Sources */,
				5D72CBA22B5327D700EC1761 /* Frameworks */,
				5D72CBA32B5327D700EC1761 /* Resources */,
			);
			buildRules = (
			);
			dependencies = (
				5D72CBAA2B5327D700EC1761 /* PBXTargetDependency */,
			);
			name = ImageFeedTests;
			productName = ImageFeedTests;
			productReference = 5D72CBA52B5327D700EC1761 /* ImageFeedTests.xctest */;
			productType = "com.apple.product-type.bundle.unit-test";
		};
/* End PBXNativeTarget section */

/* Begin PBXProject section */
		5D5B97022A9B5E190064511F /* Project object */ = {
			isa = PBXProject;
			attributes = {
				BuildIndependentTargetsInParallel = 1;
				LastSwiftUpdateCheck = 1430;
				LastUpgradeCheck = 1520;
				TargetAttributes = {
					5D5B97092A9B5E190064511F = {
						CreatedOnToolsVersion = 14.3.1;
					};
					5D72CBA42B5327D700EC1761 = {
						CreatedOnToolsVersion = 14.3.1;
						TestTargetID = 5D5B97092A9B5E190064511F;
					};
				};
			};
			buildConfigurationList = 5D5B97052A9B5E190064511F /* Build configuration list for PBXProject "ImageFeed" */;
			compatibilityVersion = "Xcode 14.0";
			developmentRegion = en;
			hasScannedForEncodings = 0;
			knownRegions = (
				en,
				Base,
			);
			mainGroup = 5D5B97012A9B5E190064511F;
			packageReferences = (
				5D9FFA092AE404D80034F00A /* XCRemoteSwiftPackageReference "ProgressHUD" */,
				5D9FFA1A2AFD27AC0034F00A /* XCRemoteSwiftPackageReference "Kingfisher" */,
				5D9FFA1D2B31DCC30034F00A /* XCRemoteSwiftPackageReference "SwiftKeychainWrapper" */,
			);
			productRefGroup = 5D5B970B2A9B5E190064511F /* Products */;
			projectDirPath = "";
			projectRoot = "";
			targets = (
				5D5B97092A9B5E190064511F /* ImageFeed */,
				5D72CBA42B5327D700EC1761 /* ImageFeedTests */,
			);
		};
/* End PBXProject section */

/* Begin PBXResourcesBuildPhase section */
		5D5B97082A9B5E190064511F /* Resources */ = {
			isa = PBXResourcesBuildPhase;
			buildActionMask = 2147483647;
			files = (
				5D5B971A2A9B5E1B0064511F /* LaunchScreen.storyboard in Resources */,
				5D5B97172A9B5E1B0064511F /* Assets.xcassets in Resources */,
				5D5B97152A9B5E190064511F /* Main.storyboard in Resources */,
			);
			runOnlyForDeploymentPostprocessing = 0;
		};
		5D72CBA32B5327D700EC1761 /* Resources */ = {
			isa = PBXResourcesBuildPhase;
			buildActionMask = 2147483647;
			files = (
			);
			runOnlyForDeploymentPostprocessing = 0;
		};
/* End PBXResourcesBuildPhase section */

/* Begin PBXSourcesBuildPhase section */
		5D5B97062A9B5E190064511F /* Sources */ = {
			isa = PBXSourcesBuildPhase;
			buildActionMask = 2147483647;
			files = (
				5D5B97122A9B5E190064511F /* ImagesListViewController.swift in Sources */,
				5D9FF9FB2ACC9C2E0034F00A /* OAuthTokenResponseBody.swift in Sources */,
				5DA45E772AA49EEE0002DC9A /* Colors.swift in Sources */,
				5D9FFA022AD43B870034F00A /* SplashViewController.swift in Sources */,
				5DA992602B5FEDB7002797D5 /* DateFormatter.swift in Sources */,
				5D9FF9F72ACC781E0034F00A /* OAuth2Service.swift in Sources */,
				5D9FF9F02AC31CEA0034F00A /* AuthViewController.swift in Sources */,
				5D9FF9F22AC32D280034F00A /* WebViewViewController.swift in Sources */,
				5D9FFA142AFD11C00034F00A /* URLSession.swift in Sources */,
				5DA992622B5FEF2F002797D5 /* Array.swift in Sources */,
				5D72CB9C2B52F49E00EC1761 /* ProfileImageResponceModel.swift in Sources */,
				5D9FF9F92ACC8F8B0034F00A /* OAuth2TokenStorage.swift in Sources */,
				5D5B97422A9F90280064511F /* ImagesListCell.swift in Sources */,
				5DA45E7A2AAF3E400002DC9A /* ProfileViewController.swift in Sources */,
				5D72CB9E2B52FCB100EC1761 /* ImagesListService.swift in Sources */,
				5D5B970E2A9B5E190064511F /* AppDelegate.swift in Sources */,
				5DBE29772B3DDA0E003EBECE /* TabBarController.swift in Sources */,
				5D72CBA02B52FE9500EC1761 /* PhotoResultResponseModel.swift in Sources */,
				5DA45E7E2AB0FFA30002DC9A /* SingleImageViewController.swift in Sources */,
				5D5B97102A9B5E190064511F /* SceneDelegate.swift in Sources */,
				5D9FFA102AE444B90034F00A /* ProfileService.swift in Sources */,
				5D9FF9F42AC35FC90034F00A /* WebViewViewControllerDelegate.swift in Sources */,
				5D9FF9FF2ACCA8420034F00A /* AuthViewControllerDelegate.swift in Sources */,
				5D9FFA122AED19960034F00A /* ProfileImageService.swift in Sources */,
				5D9FF9ED2ABF01B50034F00A /* Constants.swift in Sources */,
				5DA9925D2B5FED02002797D5 /* PhotoModel.swift in Sources */,
				5D9FFA0D2AE41B540034F00A /* UIBlockingProgressHUD.swift in Sources */,
			);
			runOnlyForDeploymentPostprocessing = 0;
		};
		5D72CBA12B5327D700EC1761 /* Sources */ = {
			isa = PBXSourcesBuildPhase;
			buildActionMask = 2147483647;
			files = (
			);
			runOnlyForDeploymentPostprocessing = 0;
		};
/* End PBXSourcesBuildPhase section */

/* Begin PBXTargetDependency section */
		5D72CBAA2B5327D700EC1761 /* PBXTargetDependency */ = {
			isa = PBXTargetDependency;
			target = 5D5B97092A9B5E190064511F /* ImageFeed */;
			targetProxy = 5D72CBA92B5327D700EC1761 /* PBXContainerItemProxy */;
		};
/* End PBXTargetDependency section */

/* Begin PBXVariantGroup section */
		5D5B97132A9B5E190064511F /* Main.storyboard */ = {
			isa = PBXVariantGroup;
			children = (
				5D5B97142A9B5E190064511F /* Base */,
			);
			name = Main.storyboard;
			sourceTree = "<group>";
		};
		5D5B97182A9B5E1B0064511F /* LaunchScreen.storyboard */ = {
			isa = PBXVariantGroup;
			children = (
				5D5B97192A9B5E1B0064511F /* Base */,
			);
			name = LaunchScreen.storyboard;
			sourceTree = "<group>";
		};
/* End PBXVariantGroup section */

/* Begin XCBuildConfiguration section */
		5D5B971C2A9B5E1B0064511F /* Debug */ = {
			isa = XCBuildConfiguration;
			buildSettings = {
				ALWAYS_SEARCH_USER_PATHS = NO;
				CLANG_ANALYZER_NONNULL = YES;
				CLANG_ANALYZER_NUMBER_OBJECT_CONVERSION = YES_AGGRESSIVE;
				CLANG_CXX_LANGUAGE_STANDARD = "gnu++20";
				CLANG_ENABLE_MODULES = YES;
				CLANG_ENABLE_OBJC_ARC = YES;
				CLANG_ENABLE_OBJC_WEAK = YES;
				CLANG_WARN_BLOCK_CAPTURE_AUTORELEASING = YES;
				CLANG_WARN_BOOL_CONVERSION = YES;
				CLANG_WARN_COMMA = YES;
				CLANG_WARN_CONSTANT_CONVERSION = YES;
				CLANG_WARN_DEPRECATED_OBJC_IMPLEMENTATIONS = YES;
				CLANG_WARN_DIRECT_OBJC_ISA_USAGE = YES_ERROR;
				CLANG_WARN_DOCUMENTATION_COMMENTS = YES;
				CLANG_WARN_EMPTY_BODY = YES;
				CLANG_WARN_ENUM_CONVERSION = YES;
				CLANG_WARN_INFINITE_RECURSION = YES;
				CLANG_WARN_INT_CONVERSION = YES;
				CLANG_WARN_NON_LITERAL_NULL_CONVERSION = YES;
				CLANG_WARN_OBJC_IMPLICIT_RETAIN_SELF = YES;
				CLANG_WARN_OBJC_LITERAL_CONVERSION = YES;
				CLANG_WARN_OBJC_ROOT_CLASS = YES_ERROR;
				CLANG_WARN_QUOTED_INCLUDE_IN_FRAMEWORK_HEADER = YES;
				CLANG_WARN_RANGE_LOOP_ANALYSIS = YES;
				CLANG_WARN_STRICT_PROTOTYPES = YES;
				CLANG_WARN_SUSPICIOUS_MOVE = YES;
				CLANG_WARN_UNGUARDED_AVAILABILITY = YES_AGGRESSIVE;
				CLANG_WARN_UNREACHABLE_CODE = YES;
				CLANG_WARN__DUPLICATE_METHOD_MATCH = YES;
				COPY_PHASE_STRIP = NO;
				DEBUG_INFORMATION_FORMAT = dwarf;
				ENABLE_STRICT_OBJC_MSGSEND = YES;
				ENABLE_TESTABILITY = YES;
				ENABLE_USER_SCRIPT_SANDBOXING = YES;
				GCC_C_LANGUAGE_STANDARD = gnu11;
				GCC_DYNAMIC_NO_PIC = NO;
				GCC_NO_COMMON_BLOCKS = YES;
				GCC_OPTIMIZATION_LEVEL = 0;
				GCC_PREPROCESSOR_DEFINITIONS = (
					"DEBUG=1",
					"$(inherited)",
				);
				GCC_WARN_64_TO_32_BIT_CONVERSION = YES;
				GCC_WARN_ABOUT_RETURN_TYPE = YES_ERROR;
				GCC_WARN_UNDECLARED_SELECTOR = YES;
				GCC_WARN_UNINITIALIZED_AUTOS = YES_AGGRESSIVE;
				GCC_WARN_UNUSED_FUNCTION = YES;
				GCC_WARN_UNUSED_VARIABLE = YES;
				IPHONEOS_DEPLOYMENT_TARGET = 13.0;
				MTL_ENABLE_DEBUG_INFO = INCLUDE_SOURCE;
				MTL_FAST_MATH = YES;
				ONLY_ACTIVE_ARCH = YES;
				SDKROOT = iphoneos;
				SWIFT_ACTIVE_COMPILATION_CONDITIONS = DEBUG;
				SWIFT_OPTIMIZATION_LEVEL = "-Onone";
			};
			name = Debug;
		};
		5D5B971D2A9B5E1B0064511F /* Release */ = {
			isa = XCBuildConfiguration;
			buildSettings = {
				ALWAYS_SEARCH_USER_PATHS = NO;
				CLANG_ANALYZER_NONNULL = YES;
				CLANG_ANALYZER_NUMBER_OBJECT_CONVERSION = YES_AGGRESSIVE;
				CLANG_CXX_LANGUAGE_STANDARD = "gnu++20";
				CLANG_ENABLE_MODULES = YES;
				CLANG_ENABLE_OBJC_ARC = YES;
				CLANG_ENABLE_OBJC_WEAK = YES;
				CLANG_WARN_BLOCK_CAPTURE_AUTORELEASING = YES;
				CLANG_WARN_BOOL_CONVERSION = YES;
				CLANG_WARN_COMMA = YES;
				CLANG_WARN_CONSTANT_CONVERSION = YES;
				CLANG_WARN_DEPRECATED_OBJC_IMPLEMENTATIONS = YES;
				CLANG_WARN_DIRECT_OBJC_ISA_USAGE = YES_ERROR;
				CLANG_WARN_DOCUMENTATION_COMMENTS = YES;
				CLANG_WARN_EMPTY_BODY = YES;
				CLANG_WARN_ENUM_CONVERSION = YES;
				CLANG_WARN_INFINITE_RECURSION = YES;
				CLANG_WARN_INT_CONVERSION = YES;
				CLANG_WARN_NON_LITERAL_NULL_CONVERSION = YES;
				CLANG_WARN_OBJC_IMPLICIT_RETAIN_SELF = YES;
				CLANG_WARN_OBJC_LITERAL_CONVERSION = YES;
				CLANG_WARN_OBJC_ROOT_CLASS = YES_ERROR;
				CLANG_WARN_QUOTED_INCLUDE_IN_FRAMEWORK_HEADER = YES;
				CLANG_WARN_RANGE_LOOP_ANALYSIS = YES;
				CLANG_WARN_STRICT_PROTOTYPES = YES;
				CLANG_WARN_SUSPICIOUS_MOVE = YES;
				CLANG_WARN_UNGUARDED_AVAILABILITY = YES_AGGRESSIVE;
				CLANG_WARN_UNREACHABLE_CODE = YES;
				CLANG_WARN__DUPLICATE_METHOD_MATCH = YES;
				COPY_PHASE_STRIP = NO;
				DEBUG_INFORMATION_FORMAT = "dwarf-with-dsym";
				ENABLE_NS_ASSERTIONS = NO;
				ENABLE_STRICT_OBJC_MSGSEND = YES;
				ENABLE_USER_SCRIPT_SANDBOXING = YES;
				GCC_C_LANGUAGE_STANDARD = gnu11;
				GCC_NO_COMMON_BLOCKS = YES;
				GCC_WARN_64_TO_32_BIT_CONVERSION = YES;
				GCC_WARN_ABOUT_RETURN_TYPE = YES_ERROR;
				GCC_WARN_UNDECLARED_SELECTOR = YES;
				GCC_WARN_UNINITIALIZED_AUTOS = YES_AGGRESSIVE;
				GCC_WARN_UNUSED_FUNCTION = YES;
				GCC_WARN_UNUSED_VARIABLE = YES;
				IPHONEOS_DEPLOYMENT_TARGET = 13.0;
				MTL_ENABLE_DEBUG_INFO = NO;
				MTL_FAST_MATH = YES;
				SDKROOT = iphoneos;
				SWIFT_COMPILATION_MODE = wholemodule;
				SWIFT_OPTIMIZATION_LEVEL = "-O";
				VALIDATE_PRODUCT = YES;
			};
			name = Release;
		};
		5D5B971F2A9B5E1B0064511F /* Debug */ = {
			isa = XCBuildConfiguration;
			buildSettings = {
				ASSETCATALOG_COMPILER_APPICON_NAME = AppIcon;
				ASSETCATALOG_COMPILER_GLOBAL_ACCENT_COLOR_NAME = AccentColor;
				CODE_SIGN_STYLE = Automatic;
				CURRENT_PROJECT_VERSION = 1;
				DEVELOPMENT_TEAM = N3B7U2DPV6;
				GENERATE_INFOPLIST_FILE = YES;
				INFOPLIST_FILE = ImageFeed/Info.plist;
				INFOPLIST_KEY_UIApplicationSupportsIndirectInputEvents = YES;
				INFOPLIST_KEY_UILaunchStoryboardName = LaunchScreen;
				INFOPLIST_KEY_UIMainStoryboardFile = Main;
				INFOPLIST_KEY_UIStatusBarStyle = "";
				INFOPLIST_KEY_UISupportedInterfaceOrientations = UIInterfaceOrientationPortrait;
				INFOPLIST_KEY_UISupportedInterfaceOrientations_iPad = "UIInterfaceOrientationLandscapeLeft UIInterfaceOrientationLandscapeRight";
				IPHONEOS_DEPLOYMENT_TARGET = 13.0;
				LD_RUNPATH_SEARCH_PATHS = (
					"$(inherited)",
					"@executable_path/Frameworks",
				);
				MARKETING_VERSION = 1.0;
				PRODUCT_BUNDLE_IDENTIFIER = com.eshagelt.ImageFeed;
				PRODUCT_NAME = "$(TARGET_NAME)";
				SUPPORTED_PLATFORMS = "iphoneos iphonesimulator";
				SUPPORTS_MACCATALYST = NO;
				SUPPORTS_MAC_DESIGNED_FOR_IPHONE_IPAD = NO;
				SWIFT_EMIT_LOC_STRINGS = YES;
				SWIFT_VERSION = 5.0;
				TARGETED_DEVICE_FAMILY = 1;
			};
			name = Debug;
		};
		5D5B97202A9B5E1B0064511F /* Release */ = {
			isa = XCBuildConfiguration;
			buildSettings = {
				ASSETCATALOG_COMPILER_APPICON_NAME = AppIcon;
				ASSETCATALOG_COMPILER_GLOBAL_ACCENT_COLOR_NAME = AccentColor;
				CODE_SIGN_STYLE = Automatic;
				CURRENT_PROJECT_VERSION = 1;
				DEVELOPMENT_TEAM = N3B7U2DPV6;
				GENERATE_INFOPLIST_FILE = YES;
				INFOPLIST_FILE = ImageFeed/Info.plist;
				INFOPLIST_KEY_UIApplicationSupportsIndirectInputEvents = YES;
				INFOPLIST_KEY_UILaunchStoryboardName = LaunchScreen;
				INFOPLIST_KEY_UIMainStoryboardFile = Main;
				INFOPLIST_KEY_UIStatusBarStyle = "";
				INFOPLIST_KEY_UISupportedInterfaceOrientations = UIInterfaceOrientationPortrait;
				INFOPLIST_KEY_UISupportedInterfaceOrientations_iPad = "UIInterfaceOrientationLandscapeLeft UIInterfaceOrientationLandscapeRight";
				IPHONEOS_DEPLOYMENT_TARGET = 13.0;
				LD_RUNPATH_SEARCH_PATHS = (
					"$(inherited)",
					"@executable_path/Frameworks",
				);
				MARKETING_VERSION = 1.0;
				PRODUCT_BUNDLE_IDENTIFIER = com.eshagelt.ImageFeed;
				PRODUCT_NAME = "$(TARGET_NAME)";
				SUPPORTED_PLATFORMS = "iphoneos iphonesimulator";
				SUPPORTS_MACCATALYST = NO;
				SUPPORTS_MAC_DESIGNED_FOR_IPHONE_IPAD = NO;
				SWIFT_EMIT_LOC_STRINGS = YES;
				SWIFT_VERSION = 5.0;
				TARGETED_DEVICE_FAMILY = 1;
			};
			name = Release;
		};
		5D72CBAC2B5327D700EC1761 /* Debug */ = {
			isa = XCBuildConfiguration;
			buildSettings = {
				BUNDLE_LOADER = "$(TEST_HOST)";
				CODE_SIGN_STYLE = Automatic;
				CURRENT_PROJECT_VERSION = 1;
				DEVELOPMENT_TEAM = N3B7U2DPV6;
				GENERATE_INFOPLIST_FILE = YES;
				IPHONEOS_DEPLOYMENT_TARGET = 16.4;
				MARKETING_VERSION = 1.0;
				PRODUCT_BUNDLE_IDENTIFIER = com.eshagelt.ImageFeedTests;
				PRODUCT_NAME = "$(TARGET_NAME)";
				SWIFT_EMIT_LOC_STRINGS = NO;
				SWIFT_VERSION = 5.0;
				TARGETED_DEVICE_FAMILY = "1,2";
				TEST_HOST = "$(BUILT_PRODUCTS_DIR)/ImageFeed.app/$(BUNDLE_EXECUTABLE_FOLDER_PATH)/ImageFeed";
			};
			name = Debug;
		};
		5D72CBAD2B5327D700EC1761 /* Release */ = {
			isa = XCBuildConfiguration;
			buildSettings = {
				BUNDLE_LOADER = "$(TEST_HOST)";
				CODE_SIGN_STYLE = Automatic;
				CURRENT_PROJECT_VERSION = 1;
				DEVELOPMENT_TEAM = N3B7U2DPV6;
				GENERATE_INFOPLIST_FILE = YES;
				IPHONEOS_DEPLOYMENT_TARGET = 16.4;
				MARKETING_VERSION = 1.0;
				PRODUCT_BUNDLE_IDENTIFIER = com.eshagelt.ImageFeedTests;
				PRODUCT_NAME = "$(TARGET_NAME)";
				SWIFT_EMIT_LOC_STRINGS = NO;
				SWIFT_VERSION = 5.0;
				TARGETED_DEVICE_FAMILY = "1,2";
				TEST_HOST = "$(BUILT_PRODUCTS_DIR)/ImageFeed.app/$(BUNDLE_EXECUTABLE_FOLDER_PATH)/ImageFeed";
			};
			name = Release;
		};
/* End XCBuildConfiguration section */

/* Begin XCConfigurationList section */
		5D5B97052A9B5E190064511F /* Build configuration list for PBXProject "ImageFeed" */ = {
			isa = XCConfigurationList;
			buildConfigurations = (
				5D5B971C2A9B5E1B0064511F /* Debug */,
				5D5B971D2A9B5E1B0064511F /* Release */,
			);
			defaultConfigurationIsVisible = 0;
			defaultConfigurationName = Release;
		};
		5D5B971E2A9B5E1B0064511F /* Build configuration list for PBXNativeTarget "ImageFeed" */ = {
			isa = XCConfigurationList;
			buildConfigurations = (
				5D5B971F2A9B5E1B0064511F /* Debug */,
				5D5B97202A9B5E1B0064511F /* Release */,
			);
			defaultConfigurationIsVisible = 0;
			defaultConfigurationName = Release;
		};
		5D72CBAB2B5327D700EC1761 /* Build configuration list for PBXNativeTarget "ImageFeedTests" */ = {
			isa = XCConfigurationList;
			buildConfigurations = (
				5D72CBAC2B5327D700EC1761 /* Debug */,
				5D72CBAD2B5327D700EC1761 /* Release */,
			);
			defaultConfigurationIsVisible = 0;
			defaultConfigurationName = Release;
		};
/* End XCConfigurationList section */

/* Begin XCRemoteSwiftPackageReference section */
		5D9FFA092AE404D80034F00A /* XCRemoteSwiftPackageReference "ProgressHUD" */ = {
			isa = XCRemoteSwiftPackageReference;
			repositoryURL = "https://github.com/relatedcode/ProgressHUD";
			requirement = {
				kind = upToNextMajorVersion;
				minimumVersion = 13.8.6;
			};
		};
		5D9FFA1A2AFD27AC0034F00A /* XCRemoteSwiftPackageReference "Kingfisher" */ = {
			isa = XCRemoteSwiftPackageReference;
			repositoryURL = "https://github.com/onevcat/Kingfisher";
			requirement = {
				kind = upToNextMajorVersion;
				minimumVersion = 7.0.0;
			};
		};
		5D9FFA1D2B31DCC30034F00A /* XCRemoteSwiftPackageReference "SwiftKeychainWrapper" */ = {
			isa = XCRemoteSwiftPackageReference;
			repositoryURL = "https://github.com/jrendel/SwiftKeychainWrapper";
			requirement = {
				kind = upToNextMajorVersion;
				minimumVersion = 4.0.0;
			};
		};
/* End XCRemoteSwiftPackageReference section */

/* Begin XCSwiftPackageProductDependency section */
		5D9FFA0A2AE404D80034F00A /* ProgressHUD */ = {
			isa = XCSwiftPackageProductDependency;
			package = 5D9FFA092AE404D80034F00A /* XCRemoteSwiftPackageReference "ProgressHUD" */;
			productName = ProgressHUD;
		};
		5D9FFA1B2AFD27AC0034F00A /* Kingfisher */ = {
			isa = XCSwiftPackageProductDependency;
			package = 5D9FFA1A2AFD27AC0034F00A /* XCRemoteSwiftPackageReference "Kingfisher" */;
			productName = Kingfisher;
		};
		5D9FFA1E2B31DCC30034F00A /* SwiftKeychainWrapper */ = {
			isa = XCSwiftPackageProductDependency;
			package = 5D9FFA1D2B31DCC30034F00A /* XCRemoteSwiftPackageReference "SwiftKeychainWrapper" */;
			productName = SwiftKeychainWrapper;
		};
/* End XCSwiftPackageProductDependency section */
	};
	rootObject = 5D5B97022A9B5E190064511F /* Project object */;
}
